PODS:
  - LetSee (0.1.11):
    - LetSee/Core (= 0.1.11)
    - Swifter (~> 1.5.0)
  - LetSee/Core (0.1.11):
    - Swifter (~> 1.5.0)
  - Swifter (1.5.0)

DEPENDENCIES:
  - LetSee (from `/Users/farshadjahanmanesh/Documents/Development/IOS/swiftuii/LetSee/LetSee.podspec`)

SPEC REPOS:
  trunk:
    - Swifter

EXTERNAL SOURCES:
  LetSee:
    :path: "/Users/farshadjahanmanesh/Documents/Development/IOS/swiftuii/LetSee/LetSee.podspec"

SPEC CHECKSUMS:
  LetSee: bf3e48c18d007791e81f88deb425ec708286407a
  Swifter: e71dd674404923d7f03ebb03f3f222d1c570bc8e

PODFILE CHECKSUM: 422044b46441673173d8e5101bd847b4187919f7

COCOAPODS: 1.11.3
