// !$*UTF8*$!
{
	archiveVersion = 1;
	classes = {
	};
	objectVersion = 55;
	objects = {

/* Begin PBXBuildFile section */
		708CEA4C41D513A99A8A6765 /* Pods_LetSeeExample.framework in Frameworks */ = {isa = PBXBuildFile; fileRef = 0E8F686F593E10AC6FB83E0A /* Pods_LetSeeExample.framework */; };
		8775A4FF28113BA10059BCBC /* LetSeeExampleApp.swift in Sources */ = {isa = PBXBuildFile; fileRef = 8775A4FE28113BA10059BCBC /* LetSeeExampleApp.swift */; };
		8775A50128113BA10059BCBC /* ContentView.swift in Sources */ = {isa = PBXBuildFile; fileRef = 8775A50028113BA10059BCBC /* ContentView.swift */; };
		8775A50328113BA20059BCBC /* Assets.xcassets in Resources */ = {isa = PBXBuildFile; fileRef = 8775A50228113BA20059BCBC /* Assets.xcassets */; };
		8775A50628113BA20059BCBC /* Preview Assets.xcassets in Resources */ = {isa = PBXBuildFile; fileRef = 8775A50528113BA20059BCBC /* Preview Assets.xcassets */; };
		8775A52F28113D680059BCBC /* LetSee_SPMApp.swift in Sources */ = {isa = PBXBuildFile; fileRef = 8775A52E28113D680059BCBC /* LetSee_SPMApp.swift */; };
		8775A53128113D680059BCBC /* ContentView.swift in Sources */ = {isa = PBXBuildFile; fileRef = 8775A53028113D680059BCBC /* ContentView.swift */; };
		8775A53328113D690059BCBC /* Assets.xcassets in Resources */ = {isa = PBXBuildFile; fileRef = 8775A53228113D690059BCBC /* Assets.xcassets */; };
		8775A53628113D690059BCBC /* Preview Assets.xcassets in Resources */ = {isa = PBXBuildFile; fileRef = 8775A53528113D690059BCBC /* Preview Assets.xcassets */; };
		8775A55A28113DFF0059BCBC /* LetSee+UISession.swift in Sources */ = {isa = PBXBuildFile; fileRef = 8775A55928113DFF0059BCBC /* LetSee+UISession.swift */; };
		878B6F9528153251005BBFDF /* UnSafeHelpers.swift in Sources */ = {isa = PBXBuildFile; fileRef = 878B6F9428153251005BBFDF /* UnSafeHelpers.swift */; };
		878B6F99281534B3005BBFDF /* UnSafeHelpers.swift in Sources */ = {isa = PBXBuildFile; fileRef = 878B6F97281534B3005BBFDF /* UnSafeHelpers.swift */; };
		878B6F9A281534B3005BBFDF /* LetSee+UISession.swift in Sources */ = {isa = PBXBuildFile; fileRef = 878B6F96281534B3005BBFDF /* LetSee+UISession.swift */; };
		87A92F0F2822764400A16FD5 /* Model.swift in Sources */ = {isa = PBXBuildFile; fileRef = 87A92F0E2822764400A16FD5 /* Model.swift */; };
		87BC1DD0288C18CD00611AA8 /* LetSee in Frameworks */ = {isa = PBXBuildFile; productRef = 87BC1DCF288C18CD00611AA8 /* LetSee */; };
/* End PBXBuildFile section */

/* Begin PBXFileReference section */
		0E8F686F593E10AC6FB83E0A /* Pods_LetSeeExample.framework */ = {isa = PBXFileReference; explicitFileType = wrapper.framework; includeInIndex = 0; path = Pods_LetSeeExample.framework; sourceTree = BUILT_PRODUCTS_DIR; };
		1BDA8B06ED5EA9F413C572EC /* Pods-LetSeeExample-LetSeeExampleUITests.release.xcconfig */ = {isa = PBXFileReference; includeInIndex = 1; lastKnownFileType = text.xcconfig; name = "Pods-LetSeeExample-LetSeeExampleUITests.release.xcconfig"; path = "Target Support Files/Pods-LetSeeExample-LetSeeExampleUITests/Pods-LetSeeExample-LetSeeExampleUITests.release.xcconfig"; sourceTree = "<group>"; };
		5EFEC415ABB328DF17CFAC85 /* Pods_LetSeeExampleTests.framework */ = {isa = PBXFileReference; explicitFileType = wrapper.framework; includeInIndex = 0; path = Pods_LetSeeExampleTests.framework; sourceTree = BUILT_PRODUCTS_DIR; };
		79216A1C1ECCA19D44517EA5 /* Pods-LetSeeExampleTests.release.xcconfig */ = {isa = PBXFileReference; includeInIndex = 1; lastKnownFileType = text.xcconfig; name = "Pods-LetSeeExampleTests.release.xcconfig"; path = "Target Support Files/Pods-LetSeeExampleTests/Pods-LetSeeExampleTests.release.xcconfig"; sourceTree = "<group>"; };
		8531E4A6D44C11C571C6E62D /* Pods_LetSeeExample_LetSeeExampleUITests.framework */ = {isa = PBXFileReference; explicitFileType = wrapper.framework; includeInIndex = 0; path = Pods_LetSeeExample_LetSeeExampleUITests.framework; sourceTree = BUILT_PRODUCTS_DIR; };
		8775A4FB28113BA10059BCBC /* LetSeeExample.app */ = {isa = PBXFileReference; explicitFileType = wrapper.application; includeInIndex = 0; path = LetSeeExample.app; sourceTree = BUILT_PRODUCTS_DIR; };
		8775A4FE28113BA10059BCBC /* LetSeeExampleApp.swift */ = {isa = PBXFileReference; lastKnownFileType = sourcecode.swift; path = LetSeeExampleApp.swift; sourceTree = "<group>"; };
		8775A50028113BA10059BCBC /* ContentView.swift */ = {isa = PBXFileReference; lastKnownFileType = sourcecode.swift; path = ContentView.swift; sourceTree = "<group>"; };
		8775A50228113BA20059BCBC /* Assets.xcassets */ = {isa = PBXFileReference; lastKnownFileType = folder.assetcatalog; path = Assets.xcassets; sourceTree = "<group>"; };
		8775A50528113BA20059BCBC /* Preview Assets.xcassets */ = {isa = PBXFileReference; lastKnownFileType = folder.assetcatalog; path = "Preview Assets.xcassets"; sourceTree = "<group>"; };
		8775A52C28113D680059BCBC /* LetSee+SPM.app */ = {isa = PBXFileReference; explicitFileType = wrapper.application; includeInIndex = 0; path = "LetSee+SPM.app"; sourceTree = BUILT_PRODUCTS_DIR; };
		8775A52E28113D680059BCBC /* LetSee_SPMApp.swift */ = {isa = PBXFileReference; lastKnownFileType = sourcecode.swift; path = LetSee_SPMApp.swift; sourceTree = "<group>"; };
		8775A53028113D680059BCBC /* ContentView.swift */ = {isa = PBXFileReference; lastKnownFileType = sourcecode.swift; path = ContentView.swift; sourceTree = "<group>"; };
		8775A53228113D690059BCBC /* Assets.xcassets */ = {isa = PBXFileReference; lastKnownFileType = folder.assetcatalog; path = Assets.xcassets; sourceTree = "<group>"; };
		8775A53528113D690059BCBC /* Preview Assets.xcassets */ = {isa = PBXFileReference; lastKnownFileType = folder.assetcatalog; path = "Preview Assets.xcassets"; sourceTree = "<group>"; };
		8775A55928113DFF0059BCBC /* LetSee+UISession.swift */ = {isa = PBXFileReference; lastKnownFileType = sourcecode.swift; path = "LetSee+UISession.swift"; sourceTree = "<group>"; };
		8775A55C2811407B0059BCBC /* LetSee */ = {isa = PBXFileReference; lastKnownFileType = wrapper; name = LetSee; path = ..; sourceTree = "<group>"; };
		878B6F9428153251005BBFDF /* UnSafeHelpers.swift */ = {isa = PBXFileReference; lastKnownFileType = sourcecode.swift; path = UnSafeHelpers.swift; sourceTree = "<group>"; };
		878B6F96281534B3005BBFDF /* LetSee+UISession.swift */ = {isa = PBXFileReference; lastKnownFileType = sourcecode.swift; path = "LetSee+UISession.swift"; sourceTree = "<group>"; };
		878B6F97281534B3005BBFDF /* UnSafeHelpers.swift */ = {isa = PBXFileReference; lastKnownFileType = sourcecode.swift; path = UnSafeHelpers.swift; sourceTree = "<group>"; };
		87A92F0E2822764400A16FD5 /* Model.swift */ = {isa = PBXFileReference; lastKnownFileType = sourcecode.swift; path = Model.swift; sourceTree = "<group>"; };
		87A92F10282276A800A16FD5 /* Info.plist */ = {isa = PBXFileReference; lastKnownFileType = text.plist; path = Info.plist; sourceTree = "<group>"; };
		9F248BEBF83E2411EBE2B720 /* Pods-LetSeeExample.debug.xcconfig */ = {isa = PBXFileReference; includeInIndex = 1; lastKnownFileType = text.xcconfig; name = "Pods-LetSeeExample.debug.xcconfig"; path = "Target Support Files/Pods-LetSeeExample/Pods-LetSeeExample.debug.xcconfig"; sourceTree = "<group>"; };
		BF255F609995386BC2E2123D /* Pods-LetSeeExampleTests.debug.xcconfig */ = {isa = PBXFileReference; includeInIndex = 1; lastKnownFileType = text.xcconfig; name = "Pods-LetSeeExampleTests.debug.xcconfig"; path = "Target Support Files/Pods-LetSeeExampleTests/Pods-LetSeeExampleTests.debug.xcconfig"; sourceTree = "<group>"; };
		D514E820FD86CDD339CD321E /* Pods-LetSeeExample.release.xcconfig */ = {isa = PBXFileReference; includeInIndex = 1; lastKnownFileType = text.xcconfig; name = "Pods-LetSeeExample.release.xcconfig"; path = "Target Support Files/Pods-LetSeeExample/Pods-LetSeeExample.release.xcconfig"; sourceTree = "<group>"; };
		EACB616E03E624505B301B9A /* Pods-LetSeeExample-LetSeeExampleUITests.debug.xcconfig */ = {isa = PBXFileReference; includeInIndex = 1; lastKnownFileType = text.xcconfig; name = "Pods-LetSeeExample-LetSeeExampleUITests.debug.xcconfig"; path = "Target Support Files/Pods-LetSeeExample-LetSeeExampleUITests/Pods-LetSeeExample-LetSeeExampleUITests.debug.xcconfig"; sourceTree = "<group>"; };
/* End PBXFileReference section */

/* Begin PBXFrameworksBuildPhase section */
		8775A4F828113BA10059BCBC /* Frameworks */ = {
			isa = PBXFrameworksBuildPhase;
			buildActionMask = 2147483647;
			files = (
				708CEA4C41D513A99A8A6765 /* Pods_LetSeeExample.framework in Frameworks */,
			);
			runOnlyForDeploymentPostprocessing = 0;
		};
		8775A52928113D680059BCBC /* Frameworks */ = {
			isa = PBXFrameworksBuildPhase;
			buildActionMask = 2147483647;
			files = (
				87BC1DD0288C18CD00611AA8 /* LetSee in Frameworks */,
			);
			runOnlyForDeploymentPostprocessing = 0;
		};
/* End PBXFrameworksBuildPhase section */

/* Begin PBXGroup section */
		234352ED611D2C2CBC27CB99 /* Frameworks */ = {
			isa = PBXGroup;
			children = (
				0E8F686F593E10AC6FB83E0A /* Pods_LetSeeExample.framework */,
				8531E4A6D44C11C571C6E62D /* Pods_LetSeeExample_LetSeeExampleUITests.framework */,
				5EFEC415ABB328DF17CFAC85 /* Pods_LetSeeExampleTests.framework */,
			);
			name = Frameworks;
			sourceTree = "<group>";
		};
		8775A4F228113BA10059BCBC = {
			isa = PBXGroup;
			children = (
				8775A55B2811407B0059BCBC /* Packages */,
				8775A4FD28113BA10059BCBC /* LetSeeExample */,
				8775A52D28113D680059BCBC /* LetSee+SPM */,
				8775A4FC28113BA10059BCBC /* Products */,
				9BAC5AD9C1F27E9D142D4530 /* Pods */,
				234352ED611D2C2CBC27CB99 /* Frameworks */,
			);
			sourceTree = "<group>";
		};
		8775A4FC28113BA10059BCBC /* Products */ = {
			isa = PBXGroup;
			children = (
				8775A4FB28113BA10059BCBC /* LetSeeExample.app */,
				8775A52C28113D680059BCBC /* LetSee+SPM.app */,
			);
			name = Products;
			sourceTree = "<group>";
		};
		8775A4FD28113BA10059BCBC /* LetSeeExample */ = {
			isa = PBXGroup;
			children = (
				87A92F10282276A800A16FD5 /* Info.plist */,
				878B6F96281534B3005BBFDF /* LetSee+UISession.swift */,
				878B6F97281534B3005BBFDF /* UnSafeHelpers.swift */,
				8775A4FE28113BA10059BCBC /* LetSeeExampleApp.swift */,
				8775A50028113BA10059BCBC /* ContentView.swift */,
				8775A50228113BA20059BCBC /* Assets.xcassets */,
				8775A50428113BA20059BCBC /* Preview Content */,
				87A92F0E2822764400A16FD5 /* Model.swift */,
			);
			path = LetSeeExample;
			sourceTree = "<group>";
		};
		8775A50428113BA20059BCBC /* Preview Content */ = {
			isa = PBXGroup;
			children = (
				8775A50528113BA20059BCBC /* Preview Assets.xcassets */,
			);
			path = "Preview Content";
			sourceTree = "<group>";
		};
		8775A52D28113D680059BCBC /* LetSee+SPM */ = {
			isa = PBXGroup;
			children = (
				8775A52E28113D680059BCBC /* LetSee_SPMApp.swift */,
				8775A53028113D680059BCBC /* ContentView.swift */,
				8775A53228113D690059BCBC /* Assets.xcassets */,
				8775A53428113D690059BCBC /* Preview Content */,
				8775A55928113DFF0059BCBC /* LetSee+UISession.swift */,
				878B6F9428153251005BBFDF /* UnSafeHelpers.swift */,
			);
			path = "LetSee+SPM";
			sourceTree = "<group>";
		};
		8775A53428113D690059BCBC /* Preview Content */ = {
			isa = PBXGroup;
			children = (
				8775A53528113D690059BCBC /* Preview Assets.xcassets */,
			);
			path = "Preview Content";
			sourceTree = "<group>";
		};
		8775A55B2811407B0059BCBC /* Packages */ = {
			isa = PBXGroup;
			children = (
				8775A55C2811407B0059BCBC /* LetSee */,
			);
			name = Packages;
			sourceTree = "<group>";
		};
		9BAC5AD9C1F27E9D142D4530 /* Pods */ = {
			isa = PBXGroup;
			children = (
				9F248BEBF83E2411EBE2B720 /* Pods-LetSeeExample.debug.xcconfig */,
				D514E820FD86CDD339CD321E /* Pods-LetSeeExample.release.xcconfig */,
				EACB616E03E624505B301B9A /* Pods-LetSeeExample-LetSeeExampleUITests.debug.xcconfig */,
				1BDA8B06ED5EA9F413C572EC /* Pods-LetSeeExample-LetSeeExampleUITests.release.xcconfig */,
				BF255F609995386BC2E2123D /* Pods-LetSeeExampleTests.debug.xcconfig */,
				79216A1C1ECCA19D44517EA5 /* Pods-LetSeeExampleTests.release.xcconfig */,
			);
			path = Pods;
			sourceTree = "<group>";
		};
/* End PBXGroup section */

/* Begin PBXNativeTarget section */
		8775A4FA28113BA10059BCBC /* LetSeeExample */ = {
			isa = PBXNativeTarget;
			buildConfigurationList = 8775A51F28113BA20059BCBC /* Build configuration list for PBXNativeTarget "LetSeeExample" */;
			buildPhases = (
				539D7126042C4983A7E75267 /* [CP] Check Pods Manifest.lock */,
				8775A4F728113BA10059BCBC /* Sources */,
				8775A4F828113BA10059BCBC /* Frameworks */,
				8775A4F928113BA10059BCBC /* Resources */,
				7EEA3A71EBED80658CE082FB /* [CP] Embed Pods Frameworks */,
			);
			buildRules = (
			);
			dependencies = (
			);
			name = LetSeeExample;
			productName = LetSeeExample;
			productReference = 8775A4FB28113BA10059BCBC /* LetSeeExample.app */;
			productType = "com.apple.product-type.application";
		};
		8775A52B28113D680059BCBC /* LetSee+SPM */ = {
			isa = PBXNativeTarget;
			buildConfigurationList = 8775A55328113D690059BCBC /* Build configuration list for PBXNativeTarget "LetSee+SPM" */;
			buildPhases = (
				8775A52828113D680059BCBC /* Sources */,
				8775A52928113D680059BCBC /* Frameworks */,
				8775A52A28113D680059BCBC /* Resources */,
			);
			buildRules = (
			);
			dependencies = (
			);
			name = "LetSee+SPM";
			packageProductDependencies = (
				87BC1DCF288C18CD00611AA8 /* LetSee */,
			);
			productName = "LetSee+SPM";
			productReference = 8775A52C28113D680059BCBC /* LetSee+SPM.app */;
			productType = "com.apple.product-type.application";
		};
/* End PBXNativeTarget section */

/* Begin PBXProject section */
		8775A4F328113BA10059BCBC /* Project object */ = {
			isa = PBXProject;
			attributes = {
				BuildIndependentTargetsInParallel = 1;
				LastSwiftUpdateCheck = 1330;
				LastUpgradeCheck = 1330;
				TargetAttributes = {
					8775A4FA28113BA10059BCBC = {
						CreatedOnToolsVersion = 13.3.1;
					};
					8775A52B28113D680059BCBC = {
						CreatedOnToolsVersion = 13.3.1;
					};
				};
			};
			buildConfigurationList = 8775A4F628113BA10059BCBC /* Build configuration list for PBXProject "LetSeeExample" */;
			compatibilityVersion = "Xcode 13.0";
			developmentRegion = en;
			hasScannedForEncodings = 0;
			knownRegions = (
				en,
				Base,
			);
			mainGroup = 8775A4F228113BA10059BCBC;
			productRefGroup = 8775A4FC28113BA10059BCBC /* Products */;
			projectDirPath = "";
			projectRoot = "";
			targets = (
				8775A4FA28113BA10059BCBC /* LetSeeExample */,
				8775A52B28113D680059BCBC /* LetSee+SPM */,
			);
		};
/* End PBXProject section */

/* Begin PBXResourcesBuildPhase section */
		8775A4F928113BA10059BCBC /* Resources */ = {
			isa = PBXResourcesBuildPhase;
			buildActionMask = 2147483647;
			files = (
				8775A50628113BA20059BCBC /* Preview Assets.xcassets in Resources */,
				8775A50328113BA20059BCBC /* Assets.xcassets in Resources */,
			);
			runOnlyForDeploymentPostprocessing = 0;
		};
		8775A52A28113D680059BCBC /* Resources */ = {
			isa = PBXResourcesBuildPhase;
			buildActionMask = 2147483647;
			files = (
				8775A53628113D690059BCBC /* Preview Assets.xcassets in Resources */,
				8775A53328113D690059BCBC /* Assets.xcassets in Resources */,
			);
			runOnlyForDeploymentPostprocessing = 0;
		};
/* End PBXResourcesBuildPhase section */

/* Begin PBXShellScriptBuildPhase section */
		539D7126042C4983A7E75267 /* [CP] Check Pods Manifest.lock */ = {
			isa = PBXShellScriptBuildPhase;
			buildActionMask = 2147483647;
			files = (
			);
			inputFileListPaths = (
			);
			inputPaths = (
				"${PODS_PODFILE_DIR_PATH}/Podfile.lock",
				"${PODS_ROOT}/Manifest.lock",
			);
			name = "[CP] Check Pods Manifest.lock";
			outputFileListPaths = (
			);
			outputPaths = (
				"$(DERIVED_FILE_DIR)/Pods-LetSeeExample-checkManifestLockResult.txt",
			);
			runOnlyForDeploymentPostprocessing = 0;
			shellPath = /bin/sh;
			shellScript = "diff \"${PODS_PODFILE_DIR_PATH}/Podfile.lock\" \"${PODS_ROOT}/Manifest.lock\" > /dev/null\nif [ $? != 0 ] ; then\n    # print error to STDERR\n    echo \"error: The sandbox is not in sync with the Podfile.lock. Run 'pod install' or update your CocoaPods installation.\" >&2\n    exit 1\nfi\n# This output is used by Xcode 'outputs' to avoid re-running this script phase.\necho \"SUCCESS\" > \"${SCRIPT_OUTPUT_FILE_0}\"\n";
			showEnvVarsInLog = 0;
		};
		7EEA3A71EBED80658CE082FB /* [CP] Embed Pods Frameworks */ = {
			isa = PBXShellScriptBuildPhase;
			buildActionMask = 2147483647;
			files = (
			);
			inputFileListPaths = (
				"${PODS_ROOT}/Target Support Files/Pods-LetSeeExample/Pods-LetSeeExample-frameworks-${CONFIGURATION}-input-files.xcfilelist",
			);
			name = "[CP] Embed Pods Frameworks";
			outputFileListPaths = (
				"${PODS_ROOT}/Target Support Files/Pods-LetSeeExample/Pods-LetSeeExample-frameworks-${CONFIGURATION}-output-files.xcfilelist",
			);
			runOnlyForDeploymentPostprocessing = 0;
			shellPath = /bin/sh;
			shellScript = "\"${PODS_ROOT}/Target Support Files/Pods-LetSeeExample/Pods-LetSeeExample-frameworks.sh\"\n";
			showEnvVarsInLog = 0;
		};
/* End PBXShellScriptBuildPhase section */

/* Begin PBXSourcesBuildPhase section */
		8775A4F728113BA10059BCBC /* Sources */ = {
			isa = PBXSourcesBuildPhase;
			buildActionMask = 2147483647;
			files = (
				87A92F0F2822764400A16FD5 /* Model.swift in Sources */,
				878B6F9A281534B3005BBFDF /* LetSee+UISession.swift in Sources */,
				8775A50128113BA10059BCBC /* ContentView.swift in Sources */,
				8775A4FF28113BA10059BCBC /* LetSeeExampleApp.swift in Sources */,
				878B6F99281534B3005BBFDF /* UnSafeHelpers.swift in Sources */,
			);
			runOnlyForDeploymentPostprocessing = 0;
		};
		8775A52828113D680059BCBC /* Sources */ = {
			isa = PBXSourcesBuildPhase;
			buildActionMask = 2147483647;
			files = (
				8775A53128113D680059BCBC /* ContentView.swift in Sources */,
				8775A52F28113D680059BCBC /* LetSee_SPMApp.swift in Sources */,
				8775A55A28113DFF0059BCBC /* LetSee+UISession.swift in Sources */,
				878B6F9528153251005BBFDF /* UnSafeHelpers.swift in Sources */,
			);
			runOnlyForDeploymentPostprocessing = 0;
		};
/* End PBXSourcesBuildPhase section */

/* Begin XCBuildConfiguration section */
		8775A51D28113BA20059BCBC /* Debug */ = {
			isa = XCBuildConfiguration;
			buildSettings = {
				ALWAYS_SEARCH_USER_PATHS = NO;
				CLANG_ANALYZER_NONNULL = YES;
				CLANG_ANALYZER_NUMBER_OBJECT_CONVERSION = YES_AGGRESSIVE;
				CLANG_CXX_LANGUAGE_STANDARD = "gnu++17";
				CLANG_ENABLE_MODULES = YES;
				CLANG_ENABLE_OBJC_ARC = YES;
				CLANG_ENABLE_OBJC_WEAK = YES;
				CLANG_WARN_BLOCK_CAPTURE_AUTORELEASING = YES;
				CLANG_WARN_BOOL_CONVERSION = YES;
				CLANG_WARN_COMMA = YES;
				CLANG_WARN_CONSTANT_CONVERSION = YES;
				CLANG_WARN_DEPRECATED_OBJC_IMPLEMENTATIONS = YES;
				CLANG_WARN_DIRECT_OBJC_ISA_USAGE = YES_ERROR;
				CLANG_WARN_DOCUMENTATION_COMMENTS = YES;
				CLANG_WARN_EMPTY_BODY = YES;
				CLANG_WARN_ENUM_CONVERSION = YES;
				CLANG_WARN_INFINITE_RECURSION = YES;
				CLANG_WARN_INT_CONVERSION = YES;
				CLANG_WARN_NON_LITERAL_NULL_CONVERSION = YES;
				CLANG_WARN_OBJC_IMPLICIT_RETAIN_SELF = YES;
				CLANG_WARN_OBJC_LITERAL_CONVERSION = YES;
				CLANG_WARN_OBJC_ROOT_CLASS = YES_ERROR;
				CLANG_WARN_QUOTED_INCLUDE_IN_FRAMEWORK_HEADER = YES;
				CLANG_WARN_RANGE_LOOP_ANALYSIS = YES;
				CLANG_WARN_STRICT_PROTOTYPES = YES;
				CLANG_WARN_SUSPICIOUS_MOVE = YES;
				CLANG_WARN_UNGUARDED_AVAILABILITY = YES_AGGRESSIVE;
				CLANG_WARN_UNREACHABLE_CODE = YES;
				CLANG_WARN__DUPLICATE_METHOD_MATCH = YES;
				COPY_PHASE_STRIP = NO;
				DEBUG_INFORMATION_FORMAT = dwarf;
				ENABLE_STRICT_OBJC_MSGSEND = YES;
				ENABLE_TESTABILITY = YES;
				GCC_C_LANGUAGE_STANDARD = gnu11;
				GCC_DYNAMIC_NO_PIC = NO;
				GCC_NO_COMMON_BLOCKS = YES;
				GCC_OPTIMIZATION_LEVEL = 0;
				GCC_PREPROCESSOR_DEFINITIONS = (
					"DEBUG=1",
					"$(inherited)",
				);
				GCC_WARN_64_TO_32_BIT_CONVERSION = YES;
				GCC_WARN_ABOUT_RETURN_TYPE = YES_ERROR;
				GCC_WARN_UNDECLARED_SELECTOR = YES;
				GCC_WARN_UNINITIALIZED_AUTOS = YES_AGGRESSIVE;
				GCC_WARN_UNUSED_FUNCTION = YES;
				GCC_WARN_UNUSED_VARIABLE = YES;
				IPHONEOS_DEPLOYMENT_TARGET = 15.4;
				MTL_ENABLE_DEBUG_INFO = INCLUDE_SOURCE;
				MTL_FAST_MATH = YES;
				ONLY_ACTIVE_ARCH = YES;
				SDKROOT = iphoneos;
				SWIFT_ACTIVE_COMPILATION_CONDITIONS = DEBUG;
				SWIFT_OPTIMIZATION_LEVEL = "-Onone";
			};
			name = Debug;
		};
		8775A51E28113BA20059BCBC /* Release */ = {
			isa = XCBuildConfiguration;
			buildSettings = {
				ALWAYS_SEARCH_USER_PATHS = NO;
				CLANG_ANALYZER_NONNULL = YES;
				CLANG_ANALYZER_NUMBER_OBJECT_CONVERSION = YES_AGGRESSIVE;
				CLANG_CXX_LANGUAGE_STANDARD = "gnu++17";
				CLANG_ENABLE_MODULES = YES;
				CLANG_ENABLE_OBJC_ARC = YES;
				CLANG_ENABLE_OBJC_WEAK = YES;
				CLANG_WARN_BLOCK_CAPTURE_AUTORELEASING = YES;
				CLANG_WARN_BOOL_CONVERSION = YES;
				CLANG_WARN_COMMA = YES;
				CLANG_WARN_CONSTANT_CONVERSION = YES;
				CLANG_WARN_DEPRECATED_OBJC_IMPLEMENTATIONS = YES;
				CLANG_WARN_DIRECT_OBJC_ISA_USAGE = YES_ERROR;
				CLANG_WARN_DOCUMENTATION_COMMENTS = YES;
				CLANG_WARN_EMPTY_BODY = YES;
				CLANG_WARN_ENUM_CONVERSION = YES;
				CLANG_WARN_INFINITE_RECURSION = YES;
				CLANG_WARN_INT_CONVERSION = YES;
				CLANG_WARN_NON_LITERAL_NULL_CONVERSION = YES;
				CLANG_WARN_OBJC_IMPLICIT_RETAIN_SELF = YES;
				CLANG_WARN_OBJC_LITERAL_CONVERSION = YES;
				CLANG_WARN_OBJC_ROOT_CLASS = YES_ERROR;
				CLANG_WARN_QUOTED_INCLUDE_IN_FRAMEWORK_HEADER = YES;
				CLANG_WARN_RANGE_LOOP_ANALYSIS = YES;
				CLANG_WARN_STRICT_PROTOTYPES = YES;
				CLANG_WARN_SUSPICIOUS_MOVE = YES;
				CLANG_WARN_UNGUARDED_AVAILABILITY = YES_AGGRESSIVE;
				CLANG_WARN_UNREACHABLE_CODE = YES;
				CLANG_WARN__DUPLICATE_METHOD_MATCH = YES;
				COPY_PHASE_STRIP = NO;
				DEBUG_INFORMATION_FORMAT = "dwarf-with-dsym";
				ENABLE_NS_ASSERTIONS = NO;
				ENABLE_STRICT_OBJC_MSGSEND = YES;
				GCC_C_LANGUAGE_STANDARD = gnu11;
				GCC_NO_COMMON_BLOCKS = YES;
				GCC_WARN_64_TO_32_BIT_CONVERSION = YES;
				GCC_WARN_ABOUT_RETURN_TYPE = YES_ERROR;
				GCC_WARN_UNDECLARED_SELECTOR = YES;
				GCC_WARN_UNINITIALIZED_AUTOS = YES_AGGRESSIVE;
				GCC_WARN_UNUSED_FUNCTION = YES;
				GCC_WARN_UNUSED_VARIABLE = YES;
				IPHONEOS_DEPLOYMENT_TARGET = 15.4;
				MTL_ENABLE_DEBUG_INFO = NO;
				MTL_FAST_MATH = YES;
				SDKROOT = iphoneos;
				SWIFT_COMPILATION_MODE = wholemodule;
				SWIFT_OPTIMIZATION_LEVEL = "-O";
				VALIDATE_PRODUCT = YES;
			};
			name = Release;
		};
		8775A52028113BA20059BCBC /* Debug */ = {
			isa = XCBuildConfiguration;
			baseConfigurationReference = 9F248BEBF83E2411EBE2B720 /* Pods-LetSeeExample.debug.xcconfig */;
			buildSettings = {
				ASSETCATALOG_COMPILER_APPICON_NAME = AppIcon;
				ASSETCATALOG_COMPILER_GLOBAL_ACCENT_COLOR_NAME = AccentColor;
				CODE_SIGN_IDENTITY = "Apple Development";
				CODE_SIGN_STYLE = Automatic;
				CURRENT_PROJECT_VERSION = 1;
				DEVELOPMENT_ASSET_PATHS = "\"LetSeeExample/Preview Content\"";
				DEVELOPMENT_TEAM = 6Q4W97Z9XN;
				ENABLE_PREVIEWS = YES;
				GENERATE_INFOPLIST_FILE = YES;
				INFOPLIST_FILE = LetSeeExample/Info.plist;
				INFOPLIST_KEY_UIApplicationSceneManifest_Generation = YES;
				INFOPLIST_KEY_UIApplicationSupportsIndirectInputEvents = YES;
				INFOPLIST_KEY_UILaunchScreen_Generation = YES;
				INFOPLIST_KEY_UISupportedInterfaceOrientations_iPad = "UIInterfaceOrientationPortrait UIInterfaceOrientationPortraitUpsideDown UIInterfaceOrientationLandscapeLeft UIInterfaceOrientationLandscapeRight";
				INFOPLIST_KEY_UISupportedInterfaceOrientations_iPhone = "UIInterfaceOrientationPortrait UIInterfaceOrientationLandscapeLeft UIInterfaceOrientationLandscapeRight";
				LD_RUNPATH_SEARCH_PATHS = (
					"$(inherited)",
					"@executable_path/Frameworks",
				);
				MARKETING_VERSION = 1.0;
				PRODUCT_BUNDLE_IDENTIFIER = com.farshadjahanmanesh.LetSeeExample2;
				PRODUCT_NAME = "$(TARGET_NAME)";
				PROVISIONING_PROFILE_SPECIFIER = "";
				SWIFT_EMIT_LOC_STRINGS = YES;
				SWIFT_VERSION = 5.0;
				TARGETED_DEVICE_FAMILY = "1,2";
			};
			name = Debug;
		};
		8775A52128113BA20059BCBC /* Release */ = {
			isa = XCBuildConfiguration;
			baseConfigurationReference = D514E820FD86CDD339CD321E /* Pods-LetSeeExample.release.xcconfig */;
			buildSettings = {
				ASSETCATALOG_COMPILER_APPICON_NAME = AppIcon;
				ASSETCATALOG_COMPILER_GLOBAL_ACCENT_COLOR_NAME = AccentColor;
				CODE_SIGN_IDENTITY = "Apple Development";
				CODE_SIGN_STYLE = Automatic;
				CURRENT_PROJECT_VERSION = 1;
				DEVELOPMENT_ASSET_PATHS = "\"LetSeeExample/Preview Content\"";
				DEVELOPMENT_TEAM = 6Q4W97Z9XN;
				ENABLE_PREVIEWS = YES;
				GENERATE_INFOPLIST_FILE = YES;
				INFOPLIST_FILE = LetSeeExample/Info.plist;
				INFOPLIST_KEY_UIApplicationSceneManifest_Generation = YES;
				INFOPLIST_KEY_UIApplicationSupportsIndirectInputEvents = YES;
				INFOPLIST_KEY_UILaunchScreen_Generation = YES;
				INFOPLIST_KEY_UISupportedInterfaceOrientations_iPad = "UIInterfaceOrientationPortrait UIInterfaceOrientationPortraitUpsideDown UIInterfaceOrientationLandscapeLeft UIInterfaceOrientationLandscapeRight";
				INFOPLIST_KEY_UISupportedInterfaceOrientations_iPhone = "UIInterfaceOrientationPortrait UIInterfaceOrientationLandscapeLeft UIInterfaceOrientationLandscapeRight";
				LD_RUNPATH_SEARCH_PATHS = (
					"$(inherited)",
					"@executable_path/Frameworks",
				);
				MARKETING_VERSION = 1.0;
				PRODUCT_BUNDLE_IDENTIFIER = com.farshadjahanmanesh.LetSeeExample2;
				PRODUCT_NAME = "$(TARGET_NAME)";
				PROVISIONING_PROFILE_SPECIFIER = "";
				SWIFT_EMIT_LOC_STRINGS = YES;
				SWIFT_VERSION = 5.0;
				TARGETED_DEVICE_FAMILY = "1,2";
			};
			name = Release;
		};
		8775A54D28113D690059BCBC /* Debug */ = {
			isa = XCBuildConfiguration;
			buildSettings = {
				ASSETCATALOG_COMPILER_APPICON_NAME = AppIcon;
				ASSETCATALOG_COMPILER_GLOBAL_ACCENT_COLOR_NAME = AccentColor;
				CODE_SIGN_STYLE = Automatic;
				CURRENT_PROJECT_VERSION = 1;
				DEVELOPMENT_ASSET_PATHS = "\"LetSee+SPM/Preview Content\"";
				DEVELOPMENT_TEAM = 6Q4W97Z9XN;
				ENABLE_PREVIEWS = YES;
				GENERATE_INFOPLIST_FILE = YES;
				INFOPLIST_KEY_UIApplicationSceneManifest_Generation = YES;
				INFOPLIST_KEY_UIApplicationSupportsIndirectInputEvents = YES;
				INFOPLIST_KEY_UILaunchScreen_Generation = YES;
				INFOPLIST_KEY_UISupportedInterfaceOrientations_iPad = "UIInterfaceOrientationPortrait UIInterfaceOrientationPortraitUpsideDown UIInterfaceOrientationLandscapeLeft UIInterfaceOrientationLandscapeRight";
				INFOPLIST_KEY_UISupportedInterfaceOrientations_iPhone = "UIInterfaceOrientationPortrait UIInterfaceOrientationLandscapeLeft UIInterfaceOrientationLandscapeRight";
				LD_RUNPATH_SEARCH_PATHS = (
					"$(inherited)",
					"@executable_path/Frameworks",
				);
				MARKETING_VERSION = 1.0;
				PRODUCT_BUNDLE_IDENTIFIER = "com.farshadjahanmanesh.LetSee-SPM";
				PRODUCT_NAME = "$(TARGET_NAME)";
				SWIFT_EMIT_LOC_STRINGS = YES;
				SWIFT_VERSION = 5.0;
				TARGETED_DEVICE_FAMILY = "1,2";
			};
			name = Debug;
		};
		8775A54E28113D690059BCBC /* Release */ = {
			isa = XCBuildConfiguration;
			buildSettings = {
				ASSETCATALOG_COMPILER_APPICON_NAME = AppIcon;
				ASSETCATALOG_COMPILER_GLOBAL_ACCENT_COLOR_NAME = AccentColor;
				CODE_SIGN_STYLE = Automatic;
				CURRENT_PROJECT_VERSION = 1;
				DEVELOPMENT_ASSET_PATHS = "\"LetSee+SPM/Preview Content\"";
				DEVELOPMENT_TEAM = 6Q4W97Z9XN;
				ENABLE_PREVIEWS = YES;
				GENERATE_INFOPLIST_FILE = YES;
				INFOPLIST_KEY_UIApplicationSceneManifest_Generation = YES;
				INFOPLIST_KEY_UIApplicationSupportsIndirectInputEvents = YES;
				INFOPLIST_KEY_UILaunchScreen_Generation = YES;
				INFOPLIST_KEY_UISupportedInterfaceOrientations_iPad = "UIInterfaceOrientationPortrait UIInterfaceOrientationPortraitUpsideDown UIInterfaceOrientationLandscapeLeft UIInterfaceOrientationLandscapeRight";
				INFOPLIST_KEY_UISupportedInterfaceOrientations_iPhone = "UIInterfaceOrientationPortrait UIInterfaceOrientationLandscapeLeft UIInterfaceOrientationLandscapeRight";
				LD_RUNPATH_SEARCH_PATHS = (
					"$(inherited)",
					"@executable_path/Frameworks",
				);
				MARKETING_VERSION = 1.0;
				PRODUCT_BUNDLE_IDENTIFIER = "com.farshadjahanmanesh.LetSee-SPM";
				PRODUCT_NAME = "$(TARGET_NAME)";
				SWIFT_EMIT_LOC_STRINGS = YES;
				SWIFT_VERSION = 5.0;
				TARGETED_DEVICE_FAMILY = "1,2";
			};
			name = Release;
		};
/* End XCBuildConfiguration section */

/* Begin XCConfigurationList section */
		8775A4F628113BA10059BCBC /* Build configuration list for PBXProject "LetSeeExample" */ = {
			isa = XCConfigurationList;
			buildConfigurations = (
				8775A51D28113BA20059BCBC /* Debug */,
				8775A51E28113BA20059BCBC /* Release */,
			);
			defaultConfigurationIsVisible = 0;
			defaultConfigurationName = Release;
		};
		8775A51F28113BA20059BCBC /* Build configuration list for PBXNativeTarget "LetSeeExample" */ = {
			isa = XCConfigurationList;
			buildConfigurations = (
				8775A52028113BA20059BCBC /* Debug */,
				8775A52128113BA20059BCBC /* Release */,
			);
			defaultConfigurationIsVisible = 0;
			defaultConfigurationName = Release;
		};
		8775A55328113D690059BCBC /* Build configuration list for PBXNativeTarget "LetSee+SPM" */ = {
			isa = XCConfigurationList;
			buildConfigurations = (
				8775A54D28113D690059BCBC /* Debug */,
				8775A54E28113D690059BCBC /* Release */,
			);
			defaultConfigurationIsVisible = 0;
			defaultConfigurationName = Release;
		};
/* End XCConfigurationList section */

/* Begin XCSwiftPackageProductDependency section */
		87BC1DCF288C18CD00611AA8 /* LetSee */ = {
			isa = XCSwiftPackageProductDependency;
			productName = LetSee;
		};
/* End XCSwiftPackageProductDependency section */
	};
	rootObject = 8775A4F328113BA10059BCBC /* Project object */;
}
